// !$*UTF8*$!
{
	archiveVersion = 1;
	classes = {
	};
	objectVersion = 46;
	objects = {

/* Begin PBXBuildFile section */
		973200C217BE56B700D5E0E8 /* UIKit.framework in Frameworks */ = {isa = PBXBuildFile; fileRef = 973200C117BE56B700D5E0E8 /* UIKit.framework */; };
		973200C417BE56B700D5E0E8 /* Foundation.framework in Frameworks */ = {isa = PBXBuildFile; fileRef = 973200C317BE56B700D5E0E8 /* Foundation.framework */; };
		973200C617BE56B700D5E0E8 /* CoreGraphics.framework in Frameworks */ = {isa = PBXBuildFile; fileRef = 973200C517BE56B700D5E0E8 /* CoreGraphics.framework */; };
		973200CC17BE56B800D5E0E8 /* InfoPlist.strings in Resources */ = {isa = PBXBuildFile; fileRef = 973200CA17BE56B800D5E0E8 /* InfoPlist.strings */; };
		973200CE17BE56B800D5E0E8 /* main.m in Sources */ = {isa = PBXBuildFile; fileRef = 973200CD17BE56B800D5E0E8 /* main.m */; };
		973200D217BE56B800D5E0E8 /* GalleryAppDelegate.m in Sources */ = {isa = PBXBuildFile; fileRef = 973200D117BE56B800D5E0E8 /* GalleryAppDelegate.m */; };
		973200D417BE56B800D5E0E8 /* Default.png in Resources */ = {isa = PBXBuildFile; fileRef = 973200D317BE56B800D5E0E8 /* Default.png */; };
		973200D617BE56B800D5E0E8 /* Default@2x.png in Resources */ = {isa = PBXBuildFile; fileRef = 973200D517BE56B800D5E0E8 /* Default@2x.png */; };
		973200D817BE56B800D5E0E8 /* Default-568h@2x.png in Resources */ = {isa = PBXBuildFile; fileRef = 973200D717BE56B800D5E0E8 /* Default-568h@2x.png */; };
		973200DB17BE56B800D5E0E8 /* MainStoryboard.storyboard in Resources */ = {isa = PBXBuildFile; fileRef = 973200D917BE56B800D5E0E8 /* MainStoryboard.storyboard */; };
		973200F117BE579D00D5E0E8 /* GalleryExhibitionsViewController.m in Sources */ = {isa = PBXBuildFile; fileRef = 973200F017BE579D00D5E0E8 /* GalleryExhibitionsViewController.m */; };
		973200F517BE57C600D5E0E8 /* GalleryArtistsViewController.m in Sources */ = {isa = PBXBuildFile; fileRef = 973200F417BE57C600D5E0E8 /* GalleryArtistsViewController.m */; };
		973200F917BE58A300D5E0E8 /* ExhibitionObject.m in Sources */ = {isa = PBXBuildFile; fileRef = 973200F817BE58A300D5E0E8 /* ExhibitionObject.m */; };
		973200FC17BE64BE00D5E0E8 /* ActivityOverlayViewController.m in Sources */ = {isa = PBXBuildFile; fileRef = 973200FB17BE64BD00D5E0E8 /* ActivityOverlayViewController.m */; };
/* End PBXBuildFile section */

/* Begin PBXFileReference section */
		973200BE17BE56B700D5E0E8 /* Gallery-iPhone.app */ = {isa = PBXFileReference; explicitFileType = wrapper.application; includeInIndex = 0; path = "Gallery-iPhone.app"; sourceTree = BUILT_PRODUCTS_DIR; };
		973200C117BE56B700D5E0E8 /* UIKit.framework */ = {isa = PBXFileReference; lastKnownFileType = wrapper.framework; name = UIKit.framework; path = System/Library/Frameworks/UIKit.framework; sourceTree = SDKROOT; };
		973200C317BE56B700D5E0E8 /* Foundation.framework */ = {isa = PBXFileReference; lastKnownFileType = wrapper.framework; name = Foundation.framework; path = System/Library/Frameworks/Foundation.framework; sourceTree = SDKROOT; };
		973200C517BE56B700D5E0E8 /* CoreGraphics.framework */ = {isa = PBXFileReference; lastKnownFileType = wrapper.framework; name = CoreGraphics.framework; path = System/Library/Frameworks/CoreGraphics.framework; sourceTree = SDKROOT; };
		973200C917BE56B800D5E0E8 /* Gallery-iPhone-Info.plist */ = {isa = PBXFileReference; lastKnownFileType = text.plist.xml; path = "Gallery-iPhone-Info.plist"; sourceTree = "<group>"; };
		973200CB17BE56B800D5E0E8 /* en */ = {isa = PBXFileReference; lastKnownFileType = text.plist.strings; name = en; path = en.lproj/InfoPlist.strings; sourceTree = "<group>"; };
		973200CD17BE56B800D5E0E8 /* main.m */ = {isa = PBXFileReference; lastKnownFileType = sourcecode.c.objc; path = main.m; sourceTree = "<group>"; };
		973200CF17BE56B800D5E0E8 /* Gallery-iPhone-Prefix.pch */ = {isa = PBXFileReference; lastKnownFileType = sourcecode.c.h; path = "Gallery-iPhone-Prefix.pch"; sourceTree = "<group>"; };
		973200D017BE56B800D5E0E8 /* GalleryAppDelegate.h */ = {isa = PBXFileReference; lastKnownFileType = sourcecode.c.h; path = GalleryAppDelegate.h; sourceTree = "<group>"; };
		973200D117BE56B800D5E0E8 /* GalleryAppDelegate.m */ = {isa = PBXFileReference; lastKnownFileType = sourcecode.c.objc; path = GalleryAppDelegate.m; sourceTree = "<group>"; };
		973200D317BE56B800D5E0E8 /* Default.png */ = {isa = PBXFileReference; lastKnownFileType = image.png; path = Default.png; sourceTree = "<group>"; };
		973200D517BE56B800D5E0E8 /* Default@2x.png */ = {isa = PBXFileReference; lastKnownFileType = image.png; path = "Default@2x.png"; sourceTree = "<group>"; };
		973200D717BE56B800D5E0E8 /* Default-568h@2x.png */ = {isa = PBXFileReference; lastKnownFileType = image.png; path = "Default-568h@2x.png"; sourceTree = "<group>"; };
		973200DA17BE56B800D5E0E8 /* en */ = {isa = PBXFileReference; lastKnownFileType = file.storyboard; name = en; path = en.lproj/MainStoryboard.storyboard; sourceTree = "<group>"; };
		973200EF17BE579D00D5E0E8 /* GalleryExhibitionsViewController.h */ = {isa = PBXFileReference; fileEncoding = 4; lastKnownFileType = sourcecode.c.h; path = GalleryExhibitionsViewController.h; sourceTree = "<group>"; };
		973200F017BE579D00D5E0E8 /* GalleryExhibitionsViewController.m */ = {isa = PBXFileReference; fileEncoding = 4; lastKnownFileType = sourcecode.c.objc; path = GalleryExhibitionsViewController.m; sourceTree = "<group>"; };
		973200F317BE57C600D5E0E8 /* GalleryArtistsViewController.h */ = {isa = PBXFileReference; fileEncoding = 4; lastKnownFileType = sourcecode.c.h; path = GalleryArtistsViewController.h; sourceTree = "<group>"; };
		973200F417BE57C600D5E0E8 /* GalleryArtistsViewController.m */ = {isa = PBXFileReference; fileEncoding = 4; lastKnownFileType = sourcecode.c.objc; path = GalleryArtistsViewController.m; sourceTree = "<group>"; };
		973200F717BE58A300D5E0E8 /* ExhibitionObject.h */ = {isa = PBXFileReference; fileEncoding = 4; lastKnownFileType = sourcecode.c.h; path = ExhibitionObject.h; sourceTree = "<group>"; };
		973200F817BE58A300D5E0E8 /* ExhibitionObject.m */ = {isa = PBXFileReference; fileEncoding = 4; lastKnownFileType = sourcecode.c.objc; path = ExhibitionObject.m; sourceTree = "<group>"; };
		973200FA17BE64BD00D5E0E8 /* ActivityOverlayViewController.h */ = {isa = PBXFileReference; fileEncoding = 4; lastKnownFileType = sourcecode.c.h; path = ActivityOverlayViewController.h; sourceTree = "<group>"; };
		973200FB17BE64BD00D5E0E8 /* ActivityOverlayViewController.m */ = {isa = PBXFileReference; fileEncoding = 4; lastKnownFileType = sourcecode.c.objc; path = ActivityOverlayViewController.m; sourceTree = "<group>"; };
/* End PBXFileReference section */

/* Begin PBXFrameworksBuildPhase section */
		973200BB17BE56B700D5E0E8 /* Frameworks */ = {
			isa = PBXFrameworksBuildPhase;
			buildActionMask = 2147483647;
			files = (
				973200C217BE56B700D5E0E8 /* UIKit.framework in Frameworks */,
				973200C417BE56B700D5E0E8 /* Foundation.framework in Frameworks */,
				973200C617BE56B700D5E0E8 /* CoreGraphics.framework in Frameworks */,
			);
			runOnlyForDeploymentPostprocessing = 0;
		};
/* End PBXFrameworksBuildPhase section */

/* Begin PBXGroup section */
		973200B517BE56B700D5E0E8 = {
			isa = PBXGroup;
			children = (
				973200C717BE56B700D5E0E8 /* Gallery-iPhone */,
				973200C017BE56B700D5E0E8 /* Frameworks */,
				973200BF17BE56B700D5E0E8 /* Products */,
			);
			sourceTree = "<group>";
		};
		973200BF17BE56B700D5E0E8 /* Products */ = {
			isa = PBXGroup;
			children = (
				973200BE17BE56B700D5E0E8 /* Gallery-iPhone.app */,
			);
			name = Products;
			sourceTree = "<group>";
		};
		973200C017BE56B700D5E0E8 /* Frameworks */ = {
			isa = PBXGroup;
			children = (
				973200C117BE56B700D5E0E8 /* UIKit.framework */,
				973200C317BE56B700D5E0E8 /* Foundation.framework */,
				973200C517BE56B700D5E0E8 /* CoreGraphics.framework */,
			);
			name = Frameworks;
			sourceTree = "<group>";
		};
		973200C717BE56B700D5E0E8 /* Gallery-iPhone */ = {
			isa = PBXGroup;
			children = (
				973200F617BE588500D5E0E8 /* Domain */,
				973200F217BE57A500D5E0E8 /* GUI */,
				973200C817BE56B800D5E0E8 /* Supporting Files */,
			);
			path = "Gallery-iPhone";
			sourceTree = "<group>";
		};
		973200C817BE56B800D5E0E8 /* Supporting Files */ = {
			isa = PBXGroup;
			children = (
				973200C917BE56B800D5E0E8 /* Gallery-iPhone-Info.plist */,
				973200CA17BE56B800D5E0E8 /* InfoPlist.strings */,
				973200CD17BE56B800D5E0E8 /* main.m */,
				973200CF17BE56B800D5E0E8 /* Gallery-iPhone-Prefix.pch */,
				973200D317BE56B800D5E0E8 /* Default.png */,
				973200D517BE56B800D5E0E8 /* Default@2x.png */,
				973200D717BE56B800D5E0E8 /* Default-568h@2x.png */,
			);
			name = "Supporting Files";
			sourceTree = "<group>";
		};
		973200F217BE57A500D5E0E8 /* GUI */ = {
			isa = PBXGroup;
			children = (
				973200EF17BE579D00D5E0E8 /* GalleryExhibitionsViewController.h */,
				973200F017BE579D00D5E0E8 /* GalleryExhibitionsViewController.m */,
				973200D017BE56B800D5E0E8 /* GalleryAppDelegate.h */,
				973200D117BE56B800D5E0E8 /* GalleryAppDelegate.m */,
				973200D917BE56B800D5E0E8 /* MainStoryboard.storyboard */,
				973200F317BE57C600D5E0E8 /* GalleryArtistsViewController.h */,
				973200F417BE57C600D5E0E8 /* GalleryArtistsViewController.m */,
				973200FA17BE64BD00D5E0E8 /* ActivityOverlayViewController.h */,
				973200FB17BE64BD00D5E0E8 /* ActivityOverlayViewController.m */,
			);
			name = GUI;
			sourceTree = "<group>";
		};
		973200F617BE588500D5E0E8 /* Domain */ = {
			isa = PBXGroup;
			children = (
				973200F717BE58A300D5E0E8 /* ExhibitionObject.h */,
				973200F817BE58A300D5E0E8 /* ExhibitionObject.m */,
			);
			name = Domain;
			sourceTree = "<group>";
		};
/* End PBXGroup section */

/* Begin PBXNativeTarget section */
		973200BD17BE56B700D5E0E8 /* Gallery-iPhone */ = {
			isa = PBXNativeTarget;
			buildConfigurationList = 973200EC17BE56B800D5E0E8 /* Build configuration list for PBXNativeTarget "Gallery-iPhone" */;
			buildPhases = (
				973200BA17BE56B700D5E0E8 /* Sources */,
				973200BB17BE56B700D5E0E8 /* Frameworks */,
				973200BC17BE56B700D5E0E8 /* Resources */,
			);
			buildRules = (
			);
			dependencies = (
			);
			name = "Gallery-iPhone";
			productName = "Gallery-iPhone";
			productReference = 973200BE17BE56B700D5E0E8 /* Gallery-iPhone.app */;
			productType = "com.apple.product-type.application";
		};
/* End PBXNativeTarget section */

/* Begin PBXProject section */
		973200B617BE56B700D5E0E8 /* Project object */ = {
			isa = PBXProject;
			attributes = {
				CLASSPREFIX = Gallery;
				LastUpgradeCheck = 0460;
				ORGANIZATIONNAME = "Leszek Sliwko";
			};
			buildConfigurationList = 973200B917BE56B700D5E0E8 /* Build configuration list for PBXProject "Gallery-iPhone" */;
			compatibilityVersion = "Xcode 3.2";
			developmentRegion = English;
			hasScannedForEncodings = 0;
			knownRegions = (
				en,
			);
			mainGroup = 973200B517BE56B700D5E0E8;
			productRefGroup = 973200BF17BE56B700D5E0E8 /* Products */;
			projectDirPath = "";
			projectRoot = "";
			targets = (
				973200BD17BE56B700D5E0E8 /* Gallery-iPhone */,
			);
		};
/* End PBXProject section */

/* Begin PBXResourcesBuildPhase section */
		973200BC17BE56B700D5E0E8 /* Resources */ = {
			isa = PBXResourcesBuildPhase;
			buildActionMask = 2147483647;
			files = (
				973200CC17BE56B800D5E0E8 /* InfoPlist.strings in Resources */,
				973200D417BE56B800D5E0E8 /* Default.png in Resources */,
				973200D617BE56B800D5E0E8 /* Default@2x.png in Resources */,
				973200D817BE56B800D5E0E8 /* Default-568h@2x.png in Resources */,
				973200DB17BE56B800D5E0E8 /* MainStoryboard.storyboard in Resources */,
			);
			runOnlyForDeploymentPostprocessing = 0;
		};
/* End PBXResourcesBuildPhase section */

/* Begin PBXSourcesBuildPhase section */
		973200BA17BE56B700D5E0E8 /* Sources */ = {
			isa = PBXSourcesBuildPhase;
			buildActionMask = 2147483647;
			files = (
				973200CE17BE56B800D5E0E8 /* main.m in Sources */,
				973200D217BE56B800D5E0E8 /* GalleryAppDelegate.m in Sources */,
				973200F117BE579D00D5E0E8 /* GalleryExhibitionsViewController.m in Sources */,
				973200F517BE57C600D5E0E8 /* GalleryArtistsViewController.m in Sources */,
				973200F917BE58A300D5E0E8 /* ExhibitionObject.m in Sources */,
				973200FC17BE64BE00D5E0E8 /* ActivityOverlayViewController.m in Sources */,
			);
			runOnlyForDeploymentPostprocessing = 0;
		};
/* End PBXSourcesBuildPhase section */

/* Begin PBXVariantGroup section */
		973200CA17BE56B800D5E0E8 /* InfoPlist.strings */ = {
			isa = PBXVariantGroup;
			children = (
				973200CB17BE56B800D5E0E8 /* en */,
			);
			name = InfoPlist.strings;
			sourceTree = "<group>";
		};
		973200D917BE56B800D5E0E8 /* MainStoryboard.storyboard */ = {
			isa = PBXVariantGroup;
			children = (
				973200DA17BE56B800D5E0E8 /* en */,
			);
			name = MainStoryboard.storyboard;
			sourceTree = "<group>";
		};
/* End PBXVariantGroup section */

/* Begin XCBuildConfiguration section */
		973200EA17BE56B800D5E0E8 /* Debug */ = {
			isa = XCBuildConfiguration;
			buildSettings = {
				ALWAYS_SEARCH_USER_PATHS = NO;
				CLANG_CXX_LANGUAGE_STANDARD = "gnu++0x";
				CLANG_CXX_LIBRARY = "libc++";
				CLANG_ENABLE_OBJC_ARC = YES;
				CLANG_WARN_CONSTANT_CONVERSION = YES;
				CLANG_WARN_EMPTY_BODY = YES;
				CLANG_WARN_ENUM_CONVERSION = YES;
				CLANG_WARN_INT_CONVERSION = YES;
				CLANG_WARN__DUPLICATE_METHOD_MATCH = YES;
				"CODE_SIGN_IDENTITY[sdk=iphoneos*]" = "iPhone Developer";
				COPY_PHASE_STRIP = NO;
				GCC_C_LANGUAGE_STANDARD = gnu99;
				GCC_DYNAMIC_NO_PIC = NO;
				GCC_OPTIMIZATION_LEVEL = 0;
				GCC_PREPROCESSOR_DEFINITIONS = (
					"DEBUG=1",
					"$(inherited)",
				);
				GCC_SYMBOLS_PRIVATE_EXTERN = NO;
				GCC_WARN_ABOUT_RETURN_TYPE = YES;
				GCC_WARN_UNINITIALIZED_AUTOS = YES;
				GCC_WARN_UNUSED_VARIABLE = YES;
				IPHONEOS_DEPLOYMENT_TARGET = 6.1;
				ONLY_ACTIVE_ARCH = YES;
				SDKROOT = iphoneos;
			};
			name = Debug;
		};
		973200EB17BE56B800D5E0E8 /* Release */ = {
			isa = XCBuildConfiguration;
			buildSettings = {
				ALWAYS_SEARCH_USER_PATHS = NO;
				CLANG_CXX_LANGUAGE_STANDARD = "gnu++0x";
				CLANG_CXX_LIBRARY = "libc++";
				CLANG_ENABLE_OBJC_ARC = YES;
				CLANG_WARN_CONSTANT_CONVERSION = YES;
				CLANG_WARN_EMPTY_BODY = YES;
				CLANG_WARN_ENUM_CONVERSION = YES;
				CLANG_WARN_INT_CONVERSION = YES;
				CLANG_WARN__DUPLICATE_METHOD_MATCH = YES;
				"CODE_SIGN_IDENTITY[sdk=iphoneos*]" = "iPhone Developer";
				COPY_PHASE_STRIP = YES;
				GCC_C_LANGUAGE_STANDARD = gnu99;
				GCC_WARN_ABOUT_RETURN_TYPE = YES;
				GCC_WARN_UNINITIALIZED_AUTOS = YES;
				GCC_WARN_UNUSED_VARIABLE = YES;
				IPHONEOS_DEPLOYMENT_TARGET = 6.1;
				OTHER_CFLAGS = "-DNS_BLOCK_ASSERTIONS=1";
				SDKROOT = iphoneos;
				VALIDATE_PRODUCT = YES;
			};
			name = Release;
		};
		973200ED17BE56B800D5E0E8 /* Debug */ = {
			isa = XCBuildConfiguration;
			buildSettings = {
				GCC_PRECOMPILE_PREFIX_HEADER = YES;
				GCC_PREFIX_HEADER = "Gallery-iPhone/Gallery-iPhone-Prefix.pch";
				INFOPLIST_FILE = "Gallery-iPhone/Gallery-iPhone-Info.plist";
				PRODUCT_NAME = "$(TARGET_NAME)";
				WRAPPER_EXTENSION = app;
			};
			name = Debug;
		};
		973200EE17BE56B800D5E0E8 /* Release */ = {
			isa = XCBuildConfiguration;
			buildSettings = {
				GCC_PRECOMPILE_PREFIX_HEADER = YES;
				GCC_PREFIX_HEADER = "Gallery-iPhone/Gallery-iPhone-Prefix.pch";
				INFOPLIST_FILE = "Gallery-iPhone/Gallery-iPhone-Info.plist";
				PRODUCT_NAME = "$(TARGET_NAME)";
				WRAPPER_EXTENSION = app;
			};
			name = Release;
		};
/* End XCBuildConfiguration section */

/* Begin XCConfigurationList section */
		973200B917BE56B700D5E0E8 /* Build configuration list for PBXProject "Gallery-iPhone" */ = {
			isa = XCConfigurationList;
			buildConfigurations = (
				973200EA17BE56B800D5E0E8 /* Debug */,
				973200EB17BE56B800D5E0E8 /* Release */,
			);
			defaultConfigurationIsVisible = 0;
			defaultConfigurationName = Release;
		};
		973200EC17BE56B800D5E0E8 /* Build configuration list for PBXNativeTarget "Gallery-iPhone" */ = {
			isa = XCConfigurationList;
			buildConfigurations = (
				973200ED17BE56B800D5E0E8 /* Debug */,
				973200EE17BE56B800D5E0E8 /* Release */,
			);
			defaultConfigurationIsVisible = 0;
		};
/* End XCConfigurationList section */
	};
	rootObject = 973200B617BE56B700D5E0E8 /* Project object */;
}
